{
  "version": 4,
  "terraform_version": "1.7.1",
  "serial": 65,
  "lineage": "7d97e493-4db2-cdf6-bf68-c25594bfd108",
  "outputs": {},
  "resources": [
    {
      "module": "module.S3_Incident_Response",
      "mode": "managed",
      "type": "aws_iam_user",
      "name": "Users",
      "provider": "module.S3_Incident_Response.provider[\"registry.terraform.io/hashicorp/aws\"]",
      "instances": [
        {
          "index_key": "user1",
          "schema_version": 0,
          "attributes": {
            "arn": "arn:aws:iam::767397669345:user/user1",
            "force_destroy": false,
            "id": "user1",
            "name": "user1",
            "path": "/",
            "permissions_boundary": "",
            "tags": {},
            "tags_all": {},
            "unique_id": "AIDA3FLDXFHQ3TLDU4BE7"
          },
          "sensitive_attributes": [],
          "private": "bnVsbA=="
        }
      ]
    }
  ],
  "check_results": null
}
